
Microsoft Visual Studio Solution File, Format Version 12.00
# Visual Studio 14
VisualStudioVersion = 14.0.24720.0
MinimumVisualStudioVersion = 10.0.40219.1
Project("{2150E333-8FDC-42A3-9474-1A3956D46DE8}") = "src", "src", "{2A345503-3703-48D8-8CA5-CCAFBEB40FE8}"
EndProject
Project("{2150E333-8FDC-42A3-9474-1A3956D46DE8}") = "Solution Items", "Solution Items", "{7719A463-6CF4-4CF0-8AA7-D08C891A124C}"
	ProjectSection(SolutionItems) = preProject
		global.json = global.json
	EndProjectSection
EndProject
Project("{2150E333-8FDC-42A3-9474-1A3956D46DE8}") = "Tools", "Tools", "{610CF833-AB89-4D5D-87AF-33B0950922FE}"
EndProject
Project("{8BB2217D-0F2D-49D1-97BC-3654ED321F3B}") = "Common", "src\Common\Common.xproj", "{F2D9ACFE-1466-4DD6-AA81-DE8AE09DCFB0}"
EndProject
Project("{8BB2217D-0F2D-49D1-97BC-3654ED321F3B}") = "DomainModels", "src\DomainModels\DomainModels.xproj", "{6B301AD2-2933-4CB8-8B95-852A2E638C0E}"
EndProject
Project("{8BB2217D-0F2D-49D1-97BC-3654ED321F3B}") = "DomainInterfaces", "src\DomainModelsCommon\DomainInterfaces.xproj", "{3B104D01-CA79-4643-B38B-A2BFD8E9395F}"
EndProject
Project("{8BB2217D-0F2D-49D1-97BC-3654ED321F3B}") = "UnitTests", "src\UnTests\UnitTests.xproj", "{65FDD011-47A4-4761-B23B-F6973FA15C5B}"
EndProject
Project("{FAE04EC0-301F-11D3-BF4B-00C04F79EFBC}") = "CordinatestConvert", "CordinatestConvert\CordinatestConvert.csproj", "{8746EF98-799B-41B0-BD46-22922CC24F90}"
EndProject
Project("{8BB2217D-0F2D-49D1-97BC-3654ED321F3B}") = "Mappers", "src\Mappers\Mappers.xproj", "{D4D6B546-2AC0-4F68-A0E0-A2D1005297F3}"
EndProject
Project("{8BB2217D-0F2D-49D1-97BC-3654ED321F3B}") = "Portal", "src\Portal\Portal.xproj", "{AA178F01-118D-4576-BB44-9DFD243975C3}"
EndProject
Project("{8BB2217D-0F2D-49D1-97BC-3654ED321F3B}") = "SocialLogin", "src\SocialLogin\SocialLogin.xproj", "{A01C0C7B-D0F6-4B00-A194-8FCB833AE29F}"
EndProject
Project("{8BB2217D-0F2D-49D1-97BC-3654ED321F3B}") = "Sharing", "src\Gloobster.Sharing\Sharing.xproj", "{0F796DCC-6650-4985-AEF6-8CC6E6BDC9AC}"
EndProject
Project("{8BB2217D-0F2D-49D1-97BC-3654ED321F3B}") = "Entities", "src\Entities\Entities.xproj", "{66C7176C-06BE-4280-8D0B-F3F79A81D8D1}"
EndProject
Project("{8BB2217D-0F2D-49D1-97BC-3654ED321F3B}") = "Enums", "src\Enums\Enums.xproj", "{5441672A-9769-4280-81D1-3B3AB010E625}"
EndProject
Project("{8BB2217D-0F2D-49D1-97BC-3654ED321F3B}") = "Database", "src\Database\Database.xproj", "{BE80B667-D331-4DA4-A985-442DA92E9E3F}"
EndProject
Project("{8BB2217D-0F2D-49D1-97BC-3654ED321F3B}") = "DomainObjects", "src\DomainObjects\DomainObjects.xproj", "{6820AC62-B81C-4553-93B1-45E399A7BFA4}"
EndProject
Project("{8BB2217D-0F2D-49D1-97BC-3654ED321F3B}") = "ReqRes", "src\ReqRes\ReqRes.xproj", "{BBE9F737-564C-405F-98CC-23A66364401F}"
EndProject
Project("{8BB2217D-0F2D-49D1-97BC-3654ED321F3B}") = "WebApiObjects", "src\WebApiObjects\WebApiObjects.xproj", "{2217162A-2F87-4AB5-833C-5D123003DA15}"
EndProject
Project("{8BB2217D-0F2D-49D1-97BC-3654ED321F3B}") = "CitiesService", "src\CitiesService\CitiesService.xproj", "{E9AFFBC4-B59D-4CC8-B70E-07E862619D7E}"
EndProject
Project("{2150E333-8FDC-42A3-9474-1A3956D46DE8}") = "PublishScripts", "PublishScripts", "{3D73D2B8-F179-468C-A754-BA8AB266834A}"
EndProject
Project("{2150E333-8FDC-42A3-9474-1A3956D46DE8}") = "Scripts", "Scripts", "{79D35104-00D7-413E-9118-A2E99A1CB6FB}"
	ProjectSection(SolutionItems) = preProject
		PublishScripts\Scripts\Deploy-AzureResourceGroup.ps1 = PublishScripts\Scripts\Deploy-AzureResourceGroup.ps1
	EndProjectSection
EndProject
Project("{2150E333-8FDC-42A3-9474-1A3956D46DE8}") = "Templates", "Templates", "{76B68D25-F4DE-476E-A970-FB314C86F49C}"
	ProjectSection(SolutionItems) = preProject
		PublishScripts\Templates\CitiesService.json = PublishScripts\Templates\CitiesService.json
		PublishScripts\Templates\CitiesService.param.dev.json = PublishScripts\Templates\CitiesService.param.dev.json
	EndProjectSection
EndProject
Project("{8BB2217D-0F2D-49D1-97BC-3654ED321F3B}") = "CitiesImporter", "src\CitiesImporter\CitiesImporter.xproj", "{7AA30038-8D35-47EB-AEDE-F1239C77F105}"
EndProject
Project("{8BB2217D-0F2D-49D1-97BC-3654ED321F3B}") = "AzureBlobFileSystem", "src\AzureBlobFileSystem\AzureBlobFileSystem.xproj", "{406E9862-DAB3-4E20-82F1-FA72B3DAEE75}"
EndProject
Global
	GlobalSection(SolutionConfigurationPlatforms) = preSolution
		Debug|Any CPU = Debug|Any CPU
		Release|Any CPU = Release|Any CPU
	EndGlobalSection
	GlobalSection(ProjectConfigurationPlatforms) = postSolution
		{F2D9ACFE-1466-4DD6-AA81-DE8AE09DCFB0}.Debug|Any CPU.ActiveCfg = Debug|Any CPU
		{F2D9ACFE-1466-4DD6-AA81-DE8AE09DCFB0}.Debug|Any CPU.Build.0 = Debug|Any CPU
		{F2D9ACFE-1466-4DD6-AA81-DE8AE09DCFB0}.Release|Any CPU.ActiveCfg = Release|Any CPU
		{F2D9ACFE-1466-4DD6-AA81-DE8AE09DCFB0}.Release|Any CPU.Build.0 = Release|Any CPU
		{6B301AD2-2933-4CB8-8B95-852A2E638C0E}.Debug|Any CPU.ActiveCfg = Debug|Any CPU
		{6B301AD2-2933-4CB8-8B95-852A2E638C0E}.Debug|Any CPU.Build.0 = Debug|Any CPU
		{6B301AD2-2933-4CB8-8B95-852A2E638C0E}.Release|Any CPU.ActiveCfg = Release|Any CPU
		{6B301AD2-2933-4CB8-8B95-852A2E638C0E}.Release|Any CPU.Build.0 = Release|Any CPU
		{3B104D01-CA79-4643-B38B-A2BFD8E9395F}.Debug|Any CPU.ActiveCfg = Debug|Any CPU
		{3B104D01-CA79-4643-B38B-A2BFD8E9395F}.Debug|Any CPU.Build.0 = Debug|Any CPU
		{3B104D01-CA79-4643-B38B-A2BFD8E9395F}.Release|Any CPU.ActiveCfg = Release|Any CPU
		{3B104D01-CA79-4643-B38B-A2BFD8E9395F}.Release|Any CPU.Build.0 = Release|Any CPU
		{65FDD011-47A4-4761-B23B-F6973FA15C5B}.Debug|Any CPU.ActiveCfg = Debug|Any CPU
		{65FDD011-47A4-4761-B23B-F6973FA15C5B}.Debug|Any CPU.Build.0 = Debug|Any CPU
		{65FDD011-47A4-4761-B23B-F6973FA15C5B}.Release|Any CPU.ActiveCfg = Release|Any CPU
		{65FDD011-47A4-4761-B23B-F6973FA15C5B}.Release|Any CPU.Build.0 = Release|Any CPU
		{8746EF98-799B-41B0-BD46-22922CC24F90}.Debug|Any CPU.ActiveCfg = Debug|Any CPU
		{8746EF98-799B-41B0-BD46-22922CC24F90}.Debug|Any CPU.Build.0 = Debug|Any CPU
		{8746EF98-799B-41B0-BD46-22922CC24F90}.Release|Any CPU.ActiveCfg = Release|Any CPU
		{8746EF98-799B-41B0-BD46-22922CC24F90}.Release|Any CPU.Build.0 = Release|Any CPU
		{D4D6B546-2AC0-4F68-A0E0-A2D1005297F3}.Debug|Any CPU.ActiveCfg = Debug|Any CPU
		{D4D6B546-2AC0-4F68-A0E0-A2D1005297F3}.Debug|Any CPU.Build.0 = Debug|Any CPU
		{D4D6B546-2AC0-4F68-A0E0-A2D1005297F3}.Release|Any CPU.ActiveCfg = Release|Any CPU
		{D4D6B546-2AC0-4F68-A0E0-A2D1005297F3}.Release|Any CPU.Build.0 = Release|Any CPU
		{AA178F01-118D-4576-BB44-9DFD243975C3}.Debug|Any CPU.ActiveCfg = Debug|Any CPU
		{AA178F01-118D-4576-BB44-9DFD243975C3}.Debug|Any CPU.Build.0 = Debug|Any CPU
		{AA178F01-118D-4576-BB44-9DFD243975C3}.Release|Any CPU.ActiveCfg = Release|Any CPU
		{AA178F01-118D-4576-BB44-9DFD243975C3}.Release|Any CPU.Build.0 = Release|Any CPU
		{A01C0C7B-D0F6-4B00-A194-8FCB833AE29F}.Debug|Any CPU.ActiveCfg = Debug|Any CPU
		{A01C0C7B-D0F6-4B00-A194-8FCB833AE29F}.Debug|Any CPU.Build.0 = Debug|Any CPU
		{A01C0C7B-D0F6-4B00-A194-8FCB833AE29F}.Release|Any CPU.ActiveCfg = Release|Any CPU
		{A01C0C7B-D0F6-4B00-A194-8FCB833AE29F}.Release|Any CPU.Build.0 = Release|Any CPU
		{0F796DCC-6650-4985-AEF6-8CC6E6BDC9AC}.Debug|Any CPU.ActiveCfg = Debug|Any CPU
		{0F796DCC-6650-4985-AEF6-8CC6E6BDC9AC}.Debug|Any CPU.Build.0 = Debug|Any CPU
		{0F796DCC-6650-4985-AEF6-8CC6E6BDC9AC}.Release|Any CPU.ActiveCfg = Release|Any CPU
		{0F796DCC-6650-4985-AEF6-8CC6E6BDC9AC}.Release|Any CPU.Build.0 = Release|Any CPU
		{66C7176C-06BE-4280-8D0B-F3F79A81D8D1}.Debug|Any CPU.ActiveCfg = Debug|Any CPU
		{66C7176C-06BE-4280-8D0B-F3F79A81D8D1}.Debug|Any CPU.Build.0 = Debug|Any CPU
		{66C7176C-06BE-4280-8D0B-F3F79A81D8D1}.Release|Any CPU.ActiveCfg = Release|Any CPU
		{66C7176C-06BE-4280-8D0B-F3F79A81D8D1}.Release|Any CPU.Build.0 = Release|Any CPU
		{5441672A-9769-4280-81D1-3B3AB010E625}.Debug|Any CPU.ActiveCfg = Debug|Any CPU
		{5441672A-9769-4280-81D1-3B3AB010E625}.Debug|Any CPU.Build.0 = Debug|Any CPU
		{5441672A-9769-4280-81D1-3B3AB010E625}.Release|Any CPU.ActiveCfg = Release|Any CPU
		{5441672A-9769-4280-81D1-3B3AB010E625}.Release|Any CPU.Build.0 = Release|Any CPU
		{BE80B667-D331-4DA4-A985-442DA92E9E3F}.Debug|Any CPU.ActiveCfg = Debug|Any CPU
		{BE80B667-D331-4DA4-A985-442DA92E9E3F}.Debug|Any CPU.Build.0 = Debug|Any CPU
		{BE80B667-D331-4DA4-A985-442DA92E9E3F}.Release|Any CPU.ActiveCfg = Release|Any CPU
		{BE80B667-D331-4DA4-A985-442DA92E9E3F}.Release|Any CPU.Build.0 = Release|Any CPU
		{6820AC62-B81C-4553-93B1-45E399A7BFA4}.Debug|Any CPU.ActiveCfg = Debug|Any CPU
		{6820AC62-B81C-4553-93B1-45E399A7BFA4}.Debug|Any CPU.Build.0 = Debug|Any CPU
		{6820AC62-B81C-4553-93B1-45E399A7BFA4}.Release|Any CPU.ActiveCfg = Release|Any CPU
		{6820AC62-B81C-4553-93B1-45E399A7BFA4}.Release|Any CPU.Build.0 = Release|Any CPU
		{BBE9F737-564C-405F-98CC-23A66364401F}.Debug|Any CPU.ActiveCfg = Debug|Any CPU
		{BBE9F737-564C-405F-98CC-23A66364401F}.Debug|Any CPU.Build.0 = Debug|Any CPU
		{BBE9F737-564C-405F-98CC-23A66364401F}.Release|Any CPU.ActiveCfg = Release|Any CPU
		{BBE9F737-564C-405F-98CC-23A66364401F}.Release|Any CPU.Build.0 = Release|Any CPU
		{2217162A-2F87-4AB5-833C-5D123003DA15}.Debug|Any CPU.ActiveCfg = Debug|Any CPU
		{2217162A-2F87-4AB5-833C-5D123003DA15}.Debug|Any CPU.Build.0 = Debug|Any CPU
		{2217162A-2F87-4AB5-833C-5D123003DA15}.Release|Any CPU.ActiveCfg = Release|Any CPU
		{2217162A-2F87-4AB5-833C-5D123003DA15}.Release|Any CPU.Build.0 = Release|Any CPU
		{E9AFFBC4-B59D-4CC8-B70E-07E862619D7E}.Debug|Any CPU.ActiveCfg = Debug|Any CPU
		{E9AFFBC4-B59D-4CC8-B70E-07E862619D7E}.Debug|Any CPU.Build.0 = Debug|Any CPU
		{E9AFFBC4-B59D-4CC8-B70E-07E862619D7E}.Release|Any CPU.ActiveCfg = Release|Any CPU
		{E9AFFBC4-B59D-4CC8-B70E-07E862619D7E}.Release|Any CPU.Build.0 = Release|Any CPU
		{7AA30038-8D35-47EB-AEDE-F1239C77F105}.Debug|Any CPU.ActiveCfg = Debug|Any CPU
		{7AA30038-8D35-47EB-AEDE-F1239C77F105}.Debug|Any CPU.Build.0 = Debug|Any CPU
		{7AA30038-8D35-47EB-AEDE-F1239C77F105}.Release|Any CPU.ActiveCfg = Release|Any CPU
		{7AA30038-8D35-47EB-AEDE-F1239C77F105}.Release|Any CPU.Build.0 = Release|Any CPU
		{406E9862-DAB3-4E20-82F1-FA72B3DAEE75}.Debug|Any CPU.ActiveCfg = Debug|Any CPU
		{406E9862-DAB3-4E20-82F1-FA72B3DAEE75}.Debug|Any CPU.Build.0 = Debug|Any CPU
		{406E9862-DAB3-4E20-82F1-FA72B3DAEE75}.Release|Any CPU.ActiveCfg = Release|Any CPU
		{406E9862-DAB3-4E20-82F1-FA72B3DAEE75}.Release|Any CPU.Build.0 = Release|Any CPU
	EndGlobalSection
	GlobalSection(SolutionProperties) = preSolution
		HideSolutionNode = FALSE
	EndGlobalSection
	GlobalSection(NestedProjects) = preSolution
		{610CF833-AB89-4D5D-87AF-33B0950922FE} = {2A345503-3703-48D8-8CA5-CCAFBEB40FE8}
		{F2D9ACFE-1466-4DD6-AA81-DE8AE09DCFB0} = {2A345503-3703-48D8-8CA5-CCAFBEB40FE8}
		{6B301AD2-2933-4CB8-8B95-852A2E638C0E} = {2A345503-3703-48D8-8CA5-CCAFBEB40FE8}
		{3B104D01-CA79-4643-B38B-A2BFD8E9395F} = {2A345503-3703-48D8-8CA5-CCAFBEB40FE8}
		{65FDD011-47A4-4761-B23B-F6973FA15C5B} = {2A345503-3703-48D8-8CA5-CCAFBEB40FE8}
		{8746EF98-799B-41B0-BD46-22922CC24F90} = {610CF833-AB89-4D5D-87AF-33B0950922FE}
		{D4D6B546-2AC0-4F68-A0E0-A2D1005297F3} = {2A345503-3703-48D8-8CA5-CCAFBEB40FE8}
		{AA178F01-118D-4576-BB44-9DFD243975C3} = {2A345503-3703-48D8-8CA5-CCAFBEB40FE8}
		{A01C0C7B-D0F6-4B00-A194-8FCB833AE29F} = {2A345503-3703-48D8-8CA5-CCAFBEB40FE8}
		{0F796DCC-6650-4985-AEF6-8CC6E6BDC9AC} = {2A345503-3703-48D8-8CA5-CCAFBEB40FE8}
		{66C7176C-06BE-4280-8D0B-F3F79A81D8D1} = {2A345503-3703-48D8-8CA5-CCAFBEB40FE8}
		{5441672A-9769-4280-81D1-3B3AB010E625} = {2A345503-3703-48D8-8CA5-CCAFBEB40FE8}
		{BE80B667-D331-4DA4-A985-442DA92E9E3F} = {2A345503-3703-48D8-8CA5-CCAFBEB40FE8}
		{6820AC62-B81C-4553-93B1-45E399A7BFA4} = {2A345503-3703-48D8-8CA5-CCAFBEB40FE8}
		{BBE9F737-564C-405F-98CC-23A66364401F} = {2A345503-3703-48D8-8CA5-CCAFBEB40FE8}
		{2217162A-2F87-4AB5-833C-5D123003DA15} = {2A345503-3703-48D8-8CA5-CCAFBEB40FE8}
		{E9AFFBC4-B59D-4CC8-B70E-07E862619D7E} = {2A345503-3703-48D8-8CA5-CCAFBEB40FE8}
		{79D35104-00D7-413E-9118-A2E99A1CB6FB} = {3D73D2B8-F179-468C-A754-BA8AB266834A}
		{76B68D25-F4DE-476E-A970-FB314C86F49C} = {3D73D2B8-F179-468C-A754-BA8AB266834A}
		{7AA30038-8D35-47EB-AEDE-F1239C77F105} = {610CF833-AB89-4D5D-87AF-33B0950922FE}
		{406E9862-DAB3-4E20-82F1-FA72B3DAEE75} = {2A345503-3703-48D8-8CA5-CCAFBEB40FE8}
	EndGlobalSection
EndGlobal
